{
  "version": 4,
  "terraform_version": "1.9.3",
  "serial": 180,
  "lineage": "1453996f-e74d-63af-8975-2fe85fd9f8b7",
  "outputs": {
    "instance_id": {
      "value": "e991df38-f5e5-48d4-8eda-dc22a24cf160",
      "type": "string"
    }
  },
  "resources": [
    {
      "module": "module.Master_k8s",
      "mode": "managed",
      "type": "openstack_compute_instance_v2",
      "name": "instance",
      "provider": "provider[\"registry.terraform.io/terraform-provider-openstack/openstack\"]",
      "instances": [
        {
          "schema_version": 0,
          "attributes": {
            "access_ip_v4": "195.15.201.93",
            "access_ip_v6": "[2001:1600:10:100::b26]",
            "admin_pass": null,
            "all_metadata": {
              "env": "dev"
            },
            "all_tags": [],
            "availability_zone": "dc3-a-09",
            "availability_zone_hints": null,
            "block_device": [
              {
                "boot_index": 0,
                "delete_on_termination": true,
                "destination_type": "volume",
                "device_type": "",
                "disk_bus": "",
                "guest_format": "",
                "multiattach": false,
                "source_type": "volume",
                "uuid": "dbe2a421-4fa6-49ce-ba07-ecd07f854566",
                "volume_size": 0,
                "volume_type": ""
              }
            ],
            "config_drive": null,
            "created": "2024-08-08 05:56:24 +0000 UTC",
            "flavor_id": "60298864-77b4-4058-9861-50fea072c5fd",
            "flavor_name": "a2-ram4-disk80-perf1",
            "force_delete": false,
            "id": "b6fbf348-e1b2-4b2f-b742-58a3c171f10d",
            "image_id": "Attempt to boot from volume - no image supplied",
            "image_name": null,
            "key_pair": "netflix",
            "metadata": {
              "env": "dev"
            },
            "name": "Master_k8s",
            "network": [
              {
                "access_network": false,
                "fixed_ip_v4": "195.15.201.93",
                "fixed_ip_v6": "[2001:1600:10:100::b26]",
                "mac": "fa:16:3e:86:fd:88",
                "name": "ext-net1",
                "port": "",
                "uuid": "dcf25c41-9057-4bc2-8475-a2e3c5d8c662"
              }
            ],
            "network_mode": null,
            "personality": [],
            "power_state": "active",
            "region": "dc3-a",
            "scheduler_hints": [],
            "security_groups": [
              "968fe785-b5af-4656-a369-efb7350cf368"
            ],
            "stop_before_destroy": false,
            "tags": null,
            "timeouts": null,
            "updated": "2024-08-08 05:56:38 +0000 UTC",
            "user_data": null,
            "vendor_options": []
          },
          "sensitive_attributes": [
            [
              {
                "type": "get_attr",
                "value": "admin_pass"
              }
            ]
          ],
          "private": "eyJlMmJmYjczMC1lY2FhLTExZTYtOGY4OC0zNDM2M2JjN2M0YzAiOnsiY3JlYXRlIjoxODAwMDAwMDAwMDAwLCJkZWxldGUiOjE4MDAwMDAwMDAwMDAsInVwZGF0ZSI6MTgwMDAwMDAwMDAwMH19",
          "dependencies": [
            "module.security_group.openstack_networking_secgroup_v2.instance_secgroup",
            "module.volume_Master_k8s.openstack_blockstorage_volume_v3.volume"
          ]
        }
      ]
    },
    {
      "module": "module.SonarQube",
      "mode": "managed",
      "type": "openstack_compute_instance_v2",
      "name": "instance",
      "provider": "provider[\"registry.terraform.io/terraform-provider-openstack/openstack\"]",
      "instances": [
        {
          "schema_version": 0,
          "attributes": {
            "access_ip_v4": "195.15.201.221",
            "access_ip_v6": "[2001:1600:10:100::5c9]",
            "admin_pass": null,
            "all_metadata": {
              "env": "dev"
            },
            "all_tags": [],
            "availability_zone": "dc3-a-09",
            "availability_zone_hints": null,
            "block_device": [
              {
                "boot_index": 0,
                "delete_on_termination": true,
                "destination_type": "volume",
                "device_type": "",
                "disk_bus": "",
                "guest_format": "",
                "multiattach": false,
                "source_type": "volume",
                "uuid": "7c6f96c8-df89-423a-814e-c144a2061160",
                "volume_size": 0,
                "volume_type": ""
              }
            ],
            "config_drive": null,
            "created": "2024-08-06 16:12:19 +0000 UTC",
            "flavor_id": "67012020-b4cf-4b34-a91d-c55ae68c48cb",
            "flavor_name": "a4-ram16-disk20-perf1",
            "force_delete": false,
            "id": "6339a1c5-e63a-4859-bc1d-21f59482eaf5",
            "image_id": "Attempt to boot from volume - no image supplied",
            "image_name": null,
            "key_pair": "netflix",
            "metadata": {
              "env": "dev"
            },
            "name": "SonarQube",
            "network": [
              {
                "access_network": false,
                "fixed_ip_v4": "195.15.201.221",
                "fixed_ip_v6": "[2001:1600:10:100::5c9]",
                "mac": "fa:16:3e:c4:cf:30",
                "name": "ext-net1",
                "port": "",
                "uuid": "dcf25c41-9057-4bc2-8475-a2e3c5d8c662"
              }
            ],
            "network_mode": null,
            "personality": [],
            "power_state": "active",
            "region": "dc3-a",
            "scheduler_hints": [],
            "security_groups": [
              "968fe785-b5af-4656-a369-efb7350cf368"
            ],
            "stop_before_destroy": false,
            "tags": [],
            "timeouts": null,
            "updated": "2024-08-08 05:56:11 +0000 UTC",
            "user_data": null,
            "vendor_options": []
          },
          "sensitive_attributes": [
            [
              {
                "type": "get_attr",
                "value": "admin_pass"
              }
            ]
          ],
          "private": "eyJlMmJmYjczMC1lY2FhLTExZTYtOGY4OC0zNDM2M2JjN2M0YzAiOnsiY3JlYXRlIjoxODAwMDAwMDAwMDAwLCJkZWxldGUiOjE4MDAwMDAwMDAwMDAsInVwZGF0ZSI6MTgwMDAwMDAwMDAwMH19",
          "dependencies": [
            "module.security_group.openstack_networking_secgroup_v2.instance_secgroup",
            "module.volume_sonarqube.openstack_blockstorage_volume_v3.volume"
          ]
        }
      ]
    },
    {
      "module": "module.Worker_1",
      "mode": "managed",
      "type": "openstack_compute_instance_v2",
      "name": "instance",
      "provider": "provider[\"registry.terraform.io/terraform-provider-openstack/openstack\"]",
      "instances": [
        {
          "schema_version": 0,
          "attributes": {
            "access_ip_v4": "195.15.201.89",
            "access_ip_v6": "[2001:1600:10:100::e59]",
            "admin_pass": null,
            "all_metadata": {
              "env": "dev"
            },
            "all_tags": [],
            "availability_zone": "dc3-a-10",
            "availability_zone_hints": null,
            "block_device": [
              {
                "boot_index": 0,
                "delete_on_termination": true,
                "destination_type": "volume",
                "device_type": "",
                "disk_bus": "",
                "guest_format": "",
                "multiattach": false,
                "source_type": "volume",
                "uuid": "2ed64b40-c897-4fa2-ab83-327b00d9512b",
                "volume_size": 0,
                "volume_type": ""
              }
            ],
            "config_drive": null,
            "created": "2024-08-08 05:56:24 +0000 UTC",
            "flavor_id": "60298864-77b4-4058-9861-50fea072c5fd",
            "flavor_name": "a2-ram4-disk80-perf1",
            "force_delete": false,
            "id": "a6bdca96-e71b-46bd-acb5-931be87e1765",
            "image_id": "Attempt to boot from volume - no image supplied",
            "image_name": null,
            "key_pair": "netflix",
            "metadata": {
              "env": "dev"
            },
            "name": "Worker_1",
            "network": [
              {
                "access_network": false,
                "fixed_ip_v4": "195.15.201.89",
                "fixed_ip_v6": "[2001:1600:10:100::e59]",
                "mac": "fa:16:3e:f3:93:fb",
                "name": "ext-net1",
                "port": "",
                "uuid": "dcf25c41-9057-4bc2-8475-a2e3c5d8c662"
              }
            ],
            "network_mode": null,
            "personality": [],
            "power_state": "active",
            "region": "dc3-a",
            "scheduler_hints": [],
            "security_groups": [
              "968fe785-b5af-4656-a369-efb7350cf368"
            ],
            "stop_before_destroy": false,
            "tags": null,
            "timeouts": null,
            "updated": "2024-08-08 05:56:42 +0000 UTC",
            "user_data": null,
            "vendor_options": []
          },
          "sensitive_attributes": [
            [
              {
                "type": "get_attr",
                "value": "admin_pass"
              }
            ]
          ],
          "private": "eyJlMmJmYjczMC1lY2FhLTExZTYtOGY4OC0zNDM2M2JjN2M0YzAiOnsiY3JlYXRlIjoxODAwMDAwMDAwMDAwLCJkZWxldGUiOjE4MDAwMDAwMDAwMDAsInVwZGF0ZSI6MTgwMDAwMDAwMDAwMH19",
          "dependencies": [
            "module.security_group.openstack_networking_secgroup_v2.instance_secgroup",
            "module.volume_Worker_1.openstack_blockstorage_volume_v3.volume"
          ]
        }
      ]
    },
    {
      "module": "module.Worker_2",
      "mode": "managed",
      "type": "openstack_compute_instance_v2",
      "name": "instance",
      "provider": "provider[\"registry.terraform.io/terraform-provider-openstack/openstack\"]",
      "instances": [
        {
          "schema_version": 0,
          "attributes": {
            "access_ip_v4": "195.15.201.80",
            "access_ip_v6": "[2001:1600:10:100::d0b]",
            "admin_pass": null,
            "all_metadata": {
              "env": "dev"
            },
            "all_tags": [],
            "availability_zone": "dc3-a-09",
            "availability_zone_hints": null,
            "block_device": [
              {
                "boot_index": 0,
                "delete_on_termination": true,
                "destination_type": "volume",
                "device_type": "",
                "disk_bus": "",
                "guest_format": "",
                "multiattach": false,
                "source_type": "volume",
                "uuid": "08db0d20-3a30-49be-b18a-b1a71890ac4f",
                "volume_size": 0,
                "volume_type": ""
              }
            ],
            "config_drive": null,
            "created": "2024-08-08 05:56:24 +0000 UTC",
            "flavor_id": "60298864-77b4-4058-9861-50fea072c5fd",
            "flavor_name": "a2-ram4-disk80-perf1",
            "force_delete": false,
            "id": "c862788d-7cab-4e91-8674-7f65457f06f1",
            "image_id": "Attempt to boot from volume - no image supplied",
            "image_name": null,
            "key_pair": "netflix",
            "metadata": {
              "env": "dev"
            },
            "name": "Worker_2",
            "network": [
              {
                "access_network": false,
                "fixed_ip_v4": "195.15.201.80",
                "fixed_ip_v6": "[2001:1600:10:100::d0b]",
                "mac": "fa:16:3e:13:3a:df",
                "name": "ext-net1",
                "port": "",
                "uuid": "dcf25c41-9057-4bc2-8475-a2e3c5d8c662"
              }
            ],
            "network_mode": null,
            "personality": [],
            "power_state": "active",
            "region": "dc3-a",
            "scheduler_hints": [],
            "security_groups": [
              "968fe785-b5af-4656-a369-efb7350cf368"
            ],
            "stop_before_destroy": false,
            "tags": null,
            "timeouts": null,
            "updated": "2024-08-08 05:56:39 +0000 UTC",
            "user_data": null,
            "vendor_options": []
          },
          "sensitive_attributes": [
            [
              {
                "type": "get_attr",
                "value": "admin_pass"
              }
            ]
          ],
          "private": "eyJlMmJmYjczMC1lY2FhLTExZTYtOGY4OC0zNDM2M2JjN2M0YzAiOnsiY3JlYXRlIjoxODAwMDAwMDAwMDAwLCJkZWxldGUiOjE4MDAwMDAwMDAwMDAsInVwZGF0ZSI6MTgwMDAwMDAwMDAwMH19",
          "dependencies": [
            "module.security_group.openstack_networking_secgroup_v2.instance_secgroup",
            "module.volume_Worker_2.openstack_blockstorage_volume_v3.volume"
          ]
        }
      ]
    },
    {
      "module": "module.instance",
      "mode": "managed",
      "type": "openstack_compute_instance_v2",
      "name": "instance",
      "provider": "provider[\"registry.terraform.io/terraform-provider-openstack/openstack\"]",
      "instances": [
        {
          "schema_version": 0,
          "attributes": {
            "access_ip_v4": "195.15.207.112",
            "access_ip_v6": "[2001:1600:10:100::d07]",
            "admin_pass": null,
            "all_metadata": {
              "env": "dev"
            },
            "all_tags": [],
            "availability_zone": "dc3-a-09",
            "availability_zone_hints": null,
            "block_device": [
              {
                "boot_index": 0,
                "delete_on_termination": true,
                "destination_type": "volume",
                "device_type": "",
                "disk_bus": "",
                "guest_format": "",
                "multiattach": false,
                "source_type": "volume",
                "uuid": "dc063190-4f84-462c-923c-8aa72e298ada",
                "volume_size": 0,
                "volume_type": ""
              }
            ],
            "config_drive": null,
            "created": "2024-08-06 16:12:19 +0000 UTC",
            "flavor_id": "67012020-b4cf-4b34-a91d-c55ae68c48cb",
            "flavor_name": "a4-ram16-disk20-perf1",
            "force_delete": false,
            "id": "e991df38-f5e5-48d4-8eda-dc22a24cf160",
            "image_id": "Attempt to boot from volume - no image supplied",
            "image_name": null,
            "key_pair": "netflix",
            "metadata": {
              "env": "dev"
            },
            "name": "jenkins",
            "network": [
              {
                "access_network": false,
                "fixed_ip_v4": "195.15.207.112",
                "fixed_ip_v6": "[2001:1600:10:100::d07]",
                "mac": "fa:16:3e:c7:47:38",
                "name": "ext-net1",
                "port": "",
                "uuid": "dcf25c41-9057-4bc2-8475-a2e3c5d8c662"
              }
            ],
            "network_mode": null,
            "personality": [],
            "power_state": "active",
            "region": "dc3-a",
            "scheduler_hints": [],
            "security_groups": [
              "968fe785-b5af-4656-a369-efb7350cf368"
            ],
            "stop_before_destroy": false,
            "tags": [],
            "timeouts": null,
            "updated": "2024-08-08 05:56:13 +0000 UTC",
            "user_data": null,
            "vendor_options": []
          },
          "sensitive_attributes": [
            [
              {
                "type": "get_attr",
                "value": "admin_pass"
              }
            ]
          ],
          "private": "eyJlMmJmYjczMC1lY2FhLTExZTYtOGY4OC0zNDM2M2JjN2M0YzAiOnsiY3JlYXRlIjoxODAwMDAwMDAwMDAwLCJkZWxldGUiOjE4MDAwMDAwMDAwMDAsInVwZGF0ZSI6MTgwMDAwMDAwMDAwMH19",
          "dependencies": [
            "module.security_group.openstack_networking_secgroup_v2.instance_secgroup",
            "module.volume.openstack_blockstorage_volume_v3.volume"
          ]
        }
      ]
    },
    {
      "module": "module.nexus",
      "mode": "managed",
      "type": "openstack_compute_instance_v2",
      "name": "instance",
      "provider": "provider[\"registry.terraform.io/terraform-provider-openstack/openstack\"]",
      "instances": [
        {
          "schema_version": 0,
          "attributes": {
            "access_ip_v4": "195.15.207.68",
            "access_ip_v6": "[2001:1600:10:100::11eb]",
            "admin_pass": null,
            "all_metadata": {
              "env": "dev"
            },
            "all_tags": [],
            "availability_zone": "dc3-a-09",
            "availability_zone_hints": null,
            "block_device": [
              {
                "boot_index": 0,
                "delete_on_termination": true,
                "destination_type": "volume",
                "device_type": "",
                "disk_bus": "",
                "guest_format": "",
                "multiattach": false,
                "source_type": "volume",
                "uuid": "58df4115-2543-4da0-8c5e-9e4cf16e658d",
                "volume_size": 0,
                "volume_type": ""
              }
            ],
            "config_drive": null,
            "created": "2024-08-06 16:12:19 +0000 UTC",
            "flavor_id": "67012020-b4cf-4b34-a91d-c55ae68c48cb",
            "flavor_name": "a4-ram16-disk20-perf1",
            "force_delete": false,
            "id": "f7a59e0b-5751-4dce-8e72-3fffde1f0d6b",
            "image_id": "Attempt to boot from volume - no image supplied",
            "image_name": null,
            "key_pair": "netflix",
            "metadata": {
              "env": "dev"
            },
            "name": "nexus",
            "network": [
              {
                "access_network": false,
                "fixed_ip_v4": "195.15.207.68",
                "fixed_ip_v6": "[2001:1600:10:100::11eb]",
                "mac": "fa:16:3e:65:80:a8",
                "name": "ext-net1",
                "port": "",
                "uuid": "dcf25c41-9057-4bc2-8475-a2e3c5d8c662"
              }
            ],
            "network_mode": null,
            "personality": [],
            "power_state": "active",
            "region": "dc3-a",
            "scheduler_hints": [],
            "security_groups": [
              "968fe785-b5af-4656-a369-efb7350cf368"
            ],
            "stop_before_destroy": false,
            "tags": [],
            "timeouts": null,
            "updated": "2024-08-08 05:56:11 +0000 UTC",
            "user_data": null,
            "vendor_options": []
          },
          "sensitive_attributes": [
            [
              {
                "type": "get_attr",
                "value": "admin_pass"
              }
            ]
          ],
          "private": "eyJlMmJmYjczMC1lY2FhLTExZTYtOGY4OC0zNDM2M2JjN2M0YzAiOnsiY3JlYXRlIjoxODAwMDAwMDAwMDAwLCJkZWxldGUiOjE4MDAwMDAwMDAwMDAsInVwZGF0ZSI6MTgwMDAwMDAwMDAwMH19",
          "dependencies": [
            "module.security_group.openstack_networking_secgroup_v2.instance_secgroup",
            "module.volume_nexus.openstack_blockstorage_volume_v3.volume"
          ]
        }
      ]
    },
    {
      "module": "module.security_group",
      "mode": "managed",
      "type": "openstack_networking_secgroup_rule_v2",
      "name": "allow_grafana",
      "provider": "provider[\"registry.terraform.io/terraform-provider-openstack/openstack\"]",
      "instances": [
        {
          "schema_version": 0,
          "attributes": {
            "description": "",
            "direction": "ingress",
            "ethertype": "IPv4",
            "id": "101a7425-de28-4207-95c2-5d0879330870",
            "port_range_max": 3000,
            "port_range_min": 3000,
            "protocol": "tcp",
            "region": "dc3-a",
            "remote_group_id": "",
            "remote_ip_prefix": "0.0.0.0/0",
            "security_group_id": "968fe785-b5af-4656-a369-efb7350cf368",
            "tenant_id": "3f645c057bda4cdba8a8926d7adb8482",
            "timeouts": null
          },
          "sensitive_attributes": [],
          "private": "eyJlMmJmYjczMC1lY2FhLTExZTYtOGY4OC0zNDM2M2JjN2M0YzAiOnsiZGVsZXRlIjo2MDAwMDAwMDAwMDB9fQ==",
          "dependencies": [
            "module.security_group.openstack_networking_secgroup_v2.instance_secgroup"
          ]
        }
      ]
    },
    {
      "module": "module.security_group",
      "mode": "managed",
      "type": "openstack_networking_secgroup_rule_v2",
      "name": "allow_http",
      "provider": "provider[\"registry.terraform.io/terraform-provider-openstack/openstack\"]",
      "instances": [
        {
          "schema_version": 0,
          "attributes": {
            "description": "",
            "direction": "ingress",
            "ethertype": "IPv4",
            "id": "6c887132-b267-440f-9f67-656469d43fa1",
            "port_range_max": 80,
            "port_range_min": 80,
            "protocol": "tcp",
            "region": "dc3-a",
            "remote_group_id": "",
            "remote_ip_prefix": "0.0.0.0/0",
            "security_group_id": "968fe785-b5af-4656-a369-efb7350cf368",
            "tenant_id": "3f645c057bda4cdba8a8926d7adb8482",
            "timeouts": null
          },
          "sensitive_attributes": [],
          "private": "eyJlMmJmYjczMC1lY2FhLTExZTYtOGY4OC0zNDM2M2JjN2M0YzAiOnsiZGVsZXRlIjo2MDAwMDAwMDAwMDB9fQ==",
          "dependencies": [
            "module.security_group.openstack_networking_secgroup_v2.instance_secgroup"
          ]
        }
      ]
    },
    {
      "module": "module.security_group",
      "mode": "managed",
      "type": "openstack_networking_secgroup_rule_v2",
      "name": "allow_https",
      "provider": "provider[\"registry.terraform.io/terraform-provider-openstack/openstack\"]",
      "instances": [
        {
          "schema_version": 0,
          "attributes": {
            "description": "",
            "direction": "ingress",
            "ethertype": "IPv4",
            "id": "2014f7f8-86c5-4152-9f1a-365faed591db",
            "port_range_max": 443,
            "port_range_min": 443,
            "protocol": "tcp",
            "region": "dc3-a",
            "remote_group_id": "",
            "remote_ip_prefix": "0.0.0.0/0",
            "security_group_id": "968fe785-b5af-4656-a369-efb7350cf368",
            "tenant_id": "3f645c057bda4cdba8a8926d7adb8482",
            "timeouts": null
          },
          "sensitive_attributes": [],
          "private": "eyJlMmJmYjczMC1lY2FhLTExZTYtOGY4OC0zNDM2M2JjN2M0YzAiOnsiZGVsZXRlIjo2MDAwMDAwMDAwMDB9fQ==",
          "dependencies": [
            "module.security_group.openstack_networking_secgroup_v2.instance_secgroup"
          ]
        }
      ]
    },
    {
      "module": "module.security_group",
      "mode": "managed",
      "type": "openstack_networking_secgroup_rule_v2",
      "name": "allow_jenkins",
      "provider": "provider[\"registry.terraform.io/terraform-provider-openstack/openstack\"]",
      "instances": [
        {
          "schema_version": 0,
          "attributes": {
            "description": "",
            "direction": "ingress",
            "ethertype": "IPv4",
            "id": "a9075bc1-5397-4d01-8e27-3770656d9dd5",
            "port_range_max": 8080,
            "port_range_min": 8080,
            "protocol": "tcp",
            "region": "dc3-a",
            "remote_group_id": "",
            "remote_ip_prefix": "0.0.0.0/0",
            "security_group_id": "968fe785-b5af-4656-a369-efb7350cf368",
            "tenant_id": "3f645c057bda4cdba8a8926d7adb8482",
            "timeouts": null
          },
          "sensitive_attributes": [],
          "private": "eyJlMmJmYjczMC1lY2FhLTExZTYtOGY4OC0zNDM2M2JjN2M0YzAiOnsiZGVsZXRlIjo2MDAwMDAwMDAwMDB9fQ==",
          "dependencies": [
            "module.security_group.openstack_networking_secgroup_v2.instance_secgroup"
          ]
        }
      ]
    },
    {
      "module": "module.security_group",
      "mode": "managed",
      "type": "openstack_networking_secgroup_rule_v2",
      "name": "allow_prometheus",
      "provider": "provider[\"registry.terraform.io/terraform-provider-openstack/openstack\"]",
      "instances": [
        {
          "schema_version": 0,
          "attributes": {
            "description": "",
            "direction": "ingress",
            "ethertype": "IPv4",
            "id": "4487a6ee-7db1-4f52-92c9-c30c8dbd0b1b",
            "port_range_max": 9090,
            "port_range_min": 9090,
            "protocol": "tcp",
            "region": "dc3-a",
            "remote_group_id": "",
            "remote_ip_prefix": "0.0.0.0/0",
            "security_group_id": "968fe785-b5af-4656-a369-efb7350cf368",
            "tenant_id": "3f645c057bda4cdba8a8926d7adb8482",
            "timeouts": null
          },
          "sensitive_attributes": [],
          "private": "eyJlMmJmYjczMC1lY2FhLTExZTYtOGY4OC0zNDM2M2JjN2M0YzAiOnsiZGVsZXRlIjo2MDAwMDAwMDAwMDB9fQ==",
          "dependencies": [
            "module.security_group.openstack_networking_secgroup_v2.instance_secgroup"
          ]
        }
      ]
    },
    {
      "module": "module.security_group",
      "mode": "managed",
      "type": "openstack_networking_secgroup_rule_v2",
      "name": "allow_ssh",
      "provider": "provider[\"registry.terraform.io/terraform-provider-openstack/openstack\"]",
      "instances": [
        {
          "schema_version": 0,
          "attributes": {
            "description": "",
            "direction": "ingress",
            "ethertype": "IPv4",
            "id": "4cbdb450-059b-4997-a905-a6d380318787",
            "port_range_max": 22,
            "port_range_min": 22,
            "protocol": "tcp",
            "region": "dc3-a",
            "remote_group_id": "",
            "remote_ip_prefix": "0.0.0.0/0",
            "security_group_id": "968fe785-b5af-4656-a369-efb7350cf368",
            "tenant_id": "3f645c057bda4cdba8a8926d7adb8482",
            "timeouts": null
          },
          "sensitive_attributes": [],
          "private": "eyJlMmJmYjczMC1lY2FhLTExZTYtOGY4OC0zNDM2M2JjN2M0YzAiOnsiZGVsZXRlIjo2MDAwMDAwMDAwMDB9fQ==",
          "dependencies": [
            "module.security_group.openstack_networking_secgroup_v2.instance_secgroup"
          ]
        }
      ]
    },
    {
      "module": "module.security_group",
      "mode": "managed",
      "type": "openstack_networking_secgroup_rule_v2",
      "name": "kube",
      "provider": "provider[\"registry.terraform.io/terraform-provider-openstack/openstack\"]",
      "instances": [
        {
          "schema_version": 0,
          "attributes": {
            "description": "",
            "direction": "ingress",
            "ethertype": "IPv4",
            "id": "1072b6bd-7b40-4166-a4f9-3d0efde87a6d",
            "port_range_max": 6443,
            "port_range_min": 6443,
            "protocol": "tcp",
            "region": "dc3-a",
            "remote_group_id": "",
            "remote_ip_prefix": "0.0.0.0/0",
            "security_group_id": "968fe785-b5af-4656-a369-efb7350cf368",
            "tenant_id": "3f645c057bda4cdba8a8926d7adb8482",
            "timeouts": null
          },
          "sensitive_attributes": [],
          "private": "eyJlMmJmYjczMC1lY2FhLTExZTYtOGY4OC0zNDM2M2JjN2M0YzAiOnsiZGVsZXRlIjo2MDAwMDAwMDAwMDB9fQ==",
          "dependencies": [
            "module.security_group.openstack_networking_secgroup_v2.instance_secgroup"
          ]
        }
      ]
    },
    {
      "module": "module.security_group",
      "mode": "managed",
      "type": "openstack_networking_secgroup_rule_v2",
      "name": "kubernetes",
      "provider": "provider[\"registry.terraform.io/terraform-provider-openstack/openstack\"]",
      "instances": [
        {
          "schema_version": 0,
          "attributes": {
            "description": "",
            "direction": "ingress",
            "ethertype": "IPv4",
            "id": "2d1c3874-5aa5-4118-b78e-f6c85cca0bc9",
            "port_range_max": 30768,
            "port_range_min": 30000,
            "protocol": "tcp",
            "region": "dc3-a",
            "remote_group_id": "",
            "remote_ip_prefix": "0.0.0.0/0",
            "security_group_id": "968fe785-b5af-4656-a369-efb7350cf368",
            "tenant_id": "3f645c057bda4cdba8a8926d7adb8482",
            "timeouts": null
          },
          "sensitive_attributes": [],
          "private": "eyJlMmJmYjczMC1lY2FhLTExZTYtOGY4OC0zNDM2M2JjN2M0YzAiOnsiZGVsZXRlIjo2MDAwMDAwMDAwMDB9fQ==",
          "dependencies": [
            "module.security_group.openstack_networking_secgroup_v2.instance_secgroup"
          ]
        }
      ]
    },
    {
      "module": "module.security_group",
      "mode": "managed",
      "type": "openstack_networking_secgroup_rule_v2",
      "name": "others",
      "provider": "provider[\"registry.terraform.io/terraform-provider-openstack/openstack\"]",
      "instances": [
        {
          "schema_version": 0,
          "attributes": {
            "description": "",
            "direction": "ingress",
            "ethertype": "IPv4",
            "id": "c85ee706-80d2-414e-865c-94aec0848436",
            "port_range_max": 10000,
            "port_range_min": 3000,
            "protocol": "tcp",
            "region": "dc3-a",
            "remote_group_id": "",
            "remote_ip_prefix": "0.0.0.0/0",
            "security_group_id": "968fe785-b5af-4656-a369-efb7350cf368",
            "tenant_id": "3f645c057bda4cdba8a8926d7adb8482",
            "timeouts": null
          },
          "sensitive_attributes": [],
          "private": "eyJlMmJmYjczMC1lY2FhLTExZTYtOGY4OC0zNDM2M2JjN2M0YzAiOnsiZGVsZXRlIjo2MDAwMDAwMDAwMDB9fQ==",
          "dependencies": [
            "module.security_group.openstack_networking_secgroup_v2.instance_secgroup"
          ]
        }
      ]
    },
    {
      "module": "module.security_group",
      "mode": "managed",
      "type": "openstack_networking_secgroup_rule_v2",
      "name": "smtp",
      "provider": "provider[\"registry.terraform.io/terraform-provider-openstack/openstack\"]",
      "instances": [
        {
          "schema_version": 0,
          "attributes": {
            "description": "",
            "direction": "ingress",
            "ethertype": "IPv4",
            "id": "ced73d8e-4db1-49e3-b8f0-7dc38e0c1b04",
            "port_range_max": 465,
            "port_range_min": 465,
            "protocol": "tcp",
            "region": "dc3-a",
            "remote_group_id": "",
            "remote_ip_prefix": "0.0.0.0/0",
            "security_group_id": "968fe785-b5af-4656-a369-efb7350cf368",
            "tenant_id": "3f645c057bda4cdba8a8926d7adb8482",
            "timeouts": null
          },
          "sensitive_attributes": [],
          "private": "eyJlMmJmYjczMC1lY2FhLTExZTYtOGY4OC0zNDM2M2JjN2M0YzAiOnsiZGVsZXRlIjo2MDAwMDAwMDAwMDB9fQ==",
          "dependencies": [
            "module.security_group.openstack_networking_secgroup_v2.instance_secgroup"
          ]
        }
      ]
    },
    {
      "module": "module.security_group",
      "mode": "managed",
      "type": "openstack_networking_secgroup_v2",
      "name": "instance_secgroup",
      "provider": "provider[\"registry.terraform.io/terraform-provider-openstack/openstack\"]",
      "instances": [
        {
          "schema_version": 0,
          "attributes": {
            "all_tags": [],
            "delete_default_rules": null,
            "description": "Groupe de sécurité pour ouvrir les ports 80, 443, 3000, 9090, et 8080",
            "id": "968fe785-b5af-4656-a369-efb7350cf368",
            "name": "instance_secgroup",
            "region": "dc3-a",
            "stateful": true,
            "tags": [],
            "tenant_id": "3f645c057bda4cdba8a8926d7adb8482",
            "timeouts": null
          },
          "sensitive_attributes": [],
          "private": "eyJlMmJmYjczMC1lY2FhLTExZTYtOGY4OC0zNDM2M2JjN2M0YzAiOnsiZGVsZXRlIjo2MDAwMDAwMDAwMDB9fQ=="
        }
      ]
    },
    {
      "module": "module.volume",
      "mode": "managed",
      "type": "openstack_blockstorage_volume_v3",
      "name": "volume",
      "provider": "provider[\"registry.terraform.io/terraform-provider-openstack/openstack\"]",
      "instances": [
        {
          "schema_version": 0,
          "attributes": {
            "attachment": [
              {
                "device": "/dev/sda",
                "id": "dc063190-4f84-462c-923c-8aa72e298ada",
                "instance_id": "e991df38-f5e5-48d4-8eda-dc22a24cf160"
              }
            ],
            "availability_zone": "nova",
            "backup_id": "",
            "consistency_group_id": null,
            "description": "",
            "enable_online_resize": null,
            "id": "dc063190-4f84-462c-923c-8aa72e298ada",
            "image_id": "c5c1f784-6121-4c8f-90e8-e35b30aff347",
            "metadata": {},
            "name": "jenkins",
            "region": "dc3-a",
            "scheduler_hints": [],
            "size": 25,
            "snapshot_id": "",
            "source_replica": null,
            "source_vol_id": "",
            "timeouts": null,
            "volume_type": "CEPH_1_perf1"
          },
          "sensitive_attributes": [],
          "private": "eyJlMmJmYjczMC1lY2FhLTExZTYtOGY4OC0zNDM2M2JjN2M0YzAiOnsiY3JlYXRlIjo2MDAwMDAwMDAwMDAsImRlbGV0ZSI6NjAwMDAwMDAwMDAwfX0="
        }
      ]
    },
    {
      "module": "module.volume_Master_k8s",
      "mode": "managed",
      "type": "openstack_blockstorage_volume_v3",
      "name": "volume",
      "provider": "provider[\"registry.terraform.io/terraform-provider-openstack/openstack\"]",
      "instances": [
        {
          "schema_version": 0,
          "attributes": {
            "attachment": [],
            "availability_zone": "nova",
            "backup_id": "",
            "consistency_group_id": null,
            "description": "",
            "enable_online_resize": null,
            "id": "dbe2a421-4fa6-49ce-ba07-ecd07f854566",
            "image_id": "c5c1f784-6121-4c8f-90e8-e35b30aff347",
            "metadata": {},
            "name": "Master_k8s",
            "region": "dc3-a",
            "scheduler_hints": [],
            "size": 25,
            "snapshot_id": "",
            "source_replica": null,
            "source_vol_id": "",
            "timeouts": null,
            "volume_type": "CEPH_1_perf1"
          },
          "sensitive_attributes": [],
          "private": "eyJlMmJmYjczMC1lY2FhLTExZTYtOGY4OC0zNDM2M2JjN2M0YzAiOnsiY3JlYXRlIjo2MDAwMDAwMDAwMDAsImRlbGV0ZSI6NjAwMDAwMDAwMDAwfX0="
        }
      ]
    },
    {
      "module": "module.volume_Worker_1",
      "mode": "managed",
      "type": "openstack_blockstorage_volume_v3",
      "name": "volume",
      "provider": "provider[\"registry.terraform.io/terraform-provider-openstack/openstack\"]",
      "instances": [
        {
          "schema_version": 0,
          "attributes": {
            "attachment": [],
            "availability_zone": "nova",
            "backup_id": "",
            "consistency_group_id": null,
            "description": "",
            "enable_online_resize": null,
            "id": "2ed64b40-c897-4fa2-ab83-327b00d9512b",
            "image_id": "c5c1f784-6121-4c8f-90e8-e35b30aff347",
            "metadata": {},
            "name": "Worker_1",
            "region": "dc3-a",
            "scheduler_hints": [],
            "size": 25,
            "snapshot_id": "",
            "source_replica": null,
            "source_vol_id": "",
            "timeouts": null,
            "volume_type": "CEPH_1_perf1"
          },
          "sensitive_attributes": [],
          "private": "eyJlMmJmYjczMC1lY2FhLTExZTYtOGY4OC0zNDM2M2JjN2M0YzAiOnsiY3JlYXRlIjo2MDAwMDAwMDAwMDAsImRlbGV0ZSI6NjAwMDAwMDAwMDAwfX0="
        }
      ]
    },
    {
      "module": "module.volume_Worker_2",
      "mode": "managed",
      "type": "openstack_blockstorage_volume_v3",
      "name": "volume",
      "provider": "provider[\"registry.terraform.io/terraform-provider-openstack/openstack\"]",
      "instances": [
        {
          "schema_version": 0,
          "attributes": {
            "attachment": [],
            "availability_zone": "nova",
            "backup_id": "",
            "consistency_group_id": null,
            "description": "",
            "enable_online_resize": null,
            "id": "08db0d20-3a30-49be-b18a-b1a71890ac4f",
            "image_id": "c5c1f784-6121-4c8f-90e8-e35b30aff347",
            "metadata": {},
            "name": "Worker_2",
            "region": "dc3-a",
            "scheduler_hints": [],
            "size": 25,
            "snapshot_id": "",
            "source_replica": null,
            "source_vol_id": "",
            "timeouts": null,
            "volume_type": "CEPH_1_perf1"
          },
          "sensitive_attributes": [],
          "private": "eyJlMmJmYjczMC1lY2FhLTExZTYtOGY4OC0zNDM2M2JjN2M0YzAiOnsiY3JlYXRlIjo2MDAwMDAwMDAwMDAsImRlbGV0ZSI6NjAwMDAwMDAwMDAwfX0="
        }
      ]
    },
    {
      "module": "module.volume_nexus",
      "mode": "managed",
      "type": "openstack_blockstorage_volume_v3",
      "name": "volume",
      "provider": "provider[\"registry.terraform.io/terraform-provider-openstack/openstack\"]",
      "instances": [
        {
          "schema_version": 0,
          "attributes": {
            "attachment": [
              {
                "device": "/dev/sda",
                "id": "58df4115-2543-4da0-8c5e-9e4cf16e658d",
                "instance_id": "f7a59e0b-5751-4dce-8e72-3fffde1f0d6b"
              }
            ],
            "availability_zone": "nova",
            "backup_id": "",
            "consistency_group_id": null,
            "description": "",
            "enable_online_resize": null,
            "id": "58df4115-2543-4da0-8c5e-9e4cf16e658d",
            "image_id": "c5c1f784-6121-4c8f-90e8-e35b30aff347",
            "metadata": {},
            "name": "nexus",
            "region": "dc3-a",
            "scheduler_hints": [],
            "size": 25,
            "snapshot_id": "",
            "source_replica": null,
            "source_vol_id": "",
            "timeouts": null,
            "volume_type": "CEPH_1_perf1"
          },
          "sensitive_attributes": [],
          "private": "eyJlMmJmYjczMC1lY2FhLTExZTYtOGY4OC0zNDM2M2JjN2M0YzAiOnsiY3JlYXRlIjo2MDAwMDAwMDAwMDAsImRlbGV0ZSI6NjAwMDAwMDAwMDAwfX0="
        }
      ]
    },
    {
      "module": "module.volume_sonarqube",
      "mode": "managed",
      "type": "openstack_blockstorage_volume_v3",
      "name": "volume",
      "provider": "provider[\"registry.terraform.io/terraform-provider-openstack/openstack\"]",
      "instances": [
        {
          "schema_version": 0,
          "attributes": {
            "attachment": [
              {
                "device": "/dev/sda",
                "id": "7c6f96c8-df89-423a-814e-c144a2061160",
                "instance_id": "6339a1c5-e63a-4859-bc1d-21f59482eaf5"
              }
            ],
            "availability_zone": "nova",
            "backup_id": "",
            "consistency_group_id": null,
            "description": "",
            "enable_online_resize": null,
            "id": "7c6f96c8-df89-423a-814e-c144a2061160",
            "image_id": "c5c1f784-6121-4c8f-90e8-e35b30aff347",
            "metadata": {},
            "name": "SonarQube",
            "region": "dc3-a",
            "scheduler_hints": [],
            "size": 25,
            "snapshot_id": "",
            "source_replica": null,
            "source_vol_id": "",
            "timeouts": null,
            "volume_type": "CEPH_1_perf1"
          },
          "sensitive_attributes": [],
          "private": "eyJlMmJmYjczMC1lY2FhLTExZTYtOGY4OC0zNDM2M2JjN2M0YzAiOnsiY3JlYXRlIjo2MDAwMDAwMDAwMDAsImRlbGV0ZSI6NjAwMDAwMDAwMDAwfX0="
        }
      ]
    }
  ],
  "check_results": null
}
